PODS:
  - Flutter (1.0.0)
  - path_provider (0.0.1):
    - Flutter
  - sensors (0.0.1):
    - Flutter
  - shared_preferences (0.0.1):
    - Flutter

DEPENDENCIES:
  - Flutter (from `Flutter`)
  - path_provider (from `.symlinks/plugins/path_provider/ios`)
  - sensors (from `.symlinks/plugins/sensors/ios`)
  - shared_preferences (from `.symlinks/plugins/shared_preferences/ios`)

EXTERNAL SOURCES:
  Flutter:
    :path: Flutter
  path_provider:
    :path: ".symlinks/plugins/path_provider/ios"
  sensors:
    :path: ".symlinks/plugins/sensors/ios"
  shared_preferences:
    :path: ".symlinks/plugins/shared_preferences/ios"

SPEC CHECKSUMS:
  Flutter: 0e3d915762c693b495b44d77113d4970485de6ec
  path_provider: abfe2b5c733d04e238b0d8691db0cfd63a27a93c
  sensors: 84eb7a30e47a649e4172b71d6e81be614c280336
  shared_preferences: af6bfa751691cdc24be3045c43ec037377ada40d

PODFILE CHECKSUM: 548f8e6cf9fb878de0af3abcdeebeea4e69e34ae

COCOAPODS: 1.10.1
